{
  "name": "arcgis-js-api-sample-app",
  "version": "1.0.0",
  "lockfileVersion": 1,
  "requires": true,
  "dependencies": {
    "arcgis-js-api": {
      "version": "4.5.0",
      "resolved": "https://registry.npmjs.org/arcgis-js-api/-/arcgis-js-api-4.5.0.tgz",
      "integrity": "sha512-shKAfIDwgH8vNken5Z/16Lf88l5pinLgdMcpXFr7f069SuSzzwSCYPKMIkAOpVTr7az3MiWajYzHvCAL7FlCXA==",
      "requires": {
        "dgrid": "github:Esri/dgrid#200a7fda418bec199f3b76a493fdfa7d4440698b",
        "dijit": "github:Esri/dijit#b9428e21795143e25a6c39443465a5969fad4d12",
        "dojo": "github:Esri/dojo#f1d4a4e731ee2496bb82e487c0ce70d79152ad39",
        "dojo-dstore": "1.1.2",
        "dojo-util": "1.13.0",
        "dojox": "github:Esri/dojox#49296adb3680a75bf24ccbe51153b4ed3e1bdd0d",
        "moment": "2.18.1"
      }
    },
    "dgrid": {
      "version": "github:Esri/dgrid#200a7fda418bec199f3b76a493fdfa7d4440698b"
    },
    "dijit": {
      "version": "github:Esri/dijit#b9428e21795143e25a6c39443465a5969fad4d12",
      "requires": {
        "dojo": "github:Esri/dojo#f1d4a4e731ee2496bb82e487c0ce70d79152ad39"
      }
    },
    "dojo": {
      "version": "github:Esri/dojo#f1d4a4e731ee2496bb82e487c0ce70d79152ad39"
    },
    "dojo-dstore": {
      "version": "1.1.2",
      "resolved": "https://registry.npmjs.org/dojo-dstore/-/dojo-dstore-1.1.2.tgz",
      "integrity": "sha1-zuNpmfP4B9HP/P32FX2w8rI3zeQ=",
      "requires": {
        "dojo": "github:Esri/dojo#f1d4a4e731ee2496bb82e487c0ce70d79152ad39"
      }
    },
    "dojo-util": {
      "version": "1.13.0",
      "resolved": "https://registry.npmjs.org/dojo-util/-/dojo-util-1.13.0.tgz",
      "integrity": "sha512-c5Vsd1T8bydfWSyLcgQK+l7k/Ln47B56P5xwxgi9htUIMckK2Ti9F8tAZjBhKhKvtvm77H4KqiuFTT6FXAnRKA=="
    },
    "dojox": {
      "version": "github:Esri/dojox#49296adb3680a75bf24ccbe51153b4ed3e1bdd0d",
      "requires": {
        "dijit": "github:Esri/dijit#b9428e21795143e25a6c39443465a5969fad4d12",
        "dojo": "github:Esri/dojo#f1d4a4e731ee2496bb82e487c0ce70d79152ad39"
      }
    },
    "moment": {
      "version": "2.18.1",
      "resolved": "https://registry.npmjs.org/moment/-/moment-2.18.1.tgz",
      "integrity": "sha1-w2GT3Tzhwu7SrbfIAtu8d6gbHA8="
    }
  }
}
